
Microsoft Visual Studio Solution File, Format Version 12.00
# Visual Studio Version 17
VisualStudioVersion = 17.14.36915.13 d17.14
MinimumVisualStudioVersion = 10.0.40219.1
Project("{FAE04EC0-301F-11D3-BF4B-00C04F79EFBC}") = "badcmd", "badcmd\badcmd.csproj", "{900CDA41-665D-42FF-9670-73580B124898}"
EndProject
Global
	GlobalSection(SolutionConfigurationPlatforms) = preSolution
		Debug|Any CPU = Debug|Any CPU
		Release|Any CPU = Release|Any CPU
	EndGlobalSection
	GlobalSection(ProjectConfigurationPlatforms) = postSolution
		{900CDA41-665D-42FF-9670-73580B124898}.Debug|Any CPU.ActiveCfg = Debug|Any CPU
		{900CDA41-665D-42FF-9670-73580B124898}.Debug|Any CPU.Build.0 = Debug|Any CPU
		{900CDA41-665D-42FF-9670-73580B124898}.Release|Any CPU.ActiveCfg = Release|Any CPU
		{900CDA41-665D-42FF-9670-73580B124898}.Release|Any CPU.Build.0 = Release|Any CPU
	EndGlobalSection
	GlobalSection(SolutionProperties) = preSolution
		HideSolutionNode = FALSE
	EndGlobalSection
	GlobalSection(ExtensibilityGlobals) = postSolution
		SolutionGuid = {B865A1C8-C54C-46B5-85F2-598D8B5275B4}
	EndGlobalSection
EndGlobal
